
Microsoft Visual Studio Solution File, Format Version 12.00
# Visual Studio Version 16
VisualStudioVersion = 16.0.30330.147
MinimumVisualStudioVersion = 10.0.40219.1
Project("{FAE04EC0-301F-11D3-BF4B-00C04F79EFBC}") = "GartenCenter", "GartenCenter.csproj", "{C2370C83-4B04-4F89-9B92-2A9E9AD4889F}"
EndProject
Project("{FAE04EC0-301F-11D3-BF4B-00C04F79EFBC}") = "DemoLibrary", "F:\BewerbungProjekt\CSharpProject-master\DemoLibrary\DemoLibrary.csproj", "{AD2C299C-0242-4E37-A635-3F9D3C293486}"
EndProject
Global
	GlobalSection(SolutionConfigurationPlatforms) = preSolution
		Debug|Any CPU = Debug|Any CPU
		Release|Any CPU = Release|Any CPU
	EndGlobalSection
	GlobalSection(ProjectConfigurationPlatforms) = postSolution
		{C2370C83-4B04-4F89-9B92-2A9E9AD4889F}.Debug|Any CPU.ActiveCfg = Debug|Any CPU
		{C2370C83-4B04-4F89-9B92-2A9E9AD4889F}.Debug|Any CPU.Build.0 = Debug|Any CPU
		{C2370C83-4B04-4F89-9B92-2A9E9AD4889F}.Release|Any CPU.ActiveCfg = Release|Any CPU
		{C2370C83-4B04-4F89-9B92-2A9E9AD4889F}.Release|Any CPU.Build.0 = Release|Any CPU
		{AD2C299C-0242-4E37-A635-3F9D3C293486}.Debug|Any CPU.ActiveCfg = Debug|Any CPU
		{AD2C299C-0242-4E37-A635-3F9D3C293486}.Debug|Any CPU.Build.0 = Debug|Any CPU
		{AD2C299C-0242-4E37-A635-3F9D3C293486}.Release|Any CPU.ActiveCfg = Release|Any CPU
		{AD2C299C-0242-4E37-A635-3F9D3C293486}.Release|Any CPU.Build.0 = Release|Any CPU
	EndGlobalSection
	GlobalSection(SolutionProperties) = preSolution
		HideSolutionNode = FALSE
	EndGlobalSection
	GlobalSection(ExtensibilityGlobals) = postSolution
		SolutionGuid = {630B6DC6-7FB7-4954-940D-2F787719163D}
	EndGlobalSection
EndGlobal
